
Microsoft Visual Studio Solution File, Format Version 12.00
# Visual Studio Version 17
VisualStudioVersion = 17.0.32014.148
MinimumVisualStudioVersion = 10.0.40219.1
Project("{FAE04EC0-301F-11D3-BF4B-00C04F79EFBC}") = "ContaObj.Api", "ContaObj.Api\ContaObj.Api.csproj", "{B43A287C-C6B1-4C40-BEF7-73B10C9965C1}"
EndProject
Project("{FAE04EC0-301F-11D3-BF4B-00C04F79EFBC}") = "ContaObj.Domain", "ContaObj.Domain\ContaObj.Domain.csproj", "{5BE787D3-6C99-4DDE-90D3-8235905CDCF1}"
EndProject
Project("{FAE04EC0-301F-11D3-BF4B-00C04F79EFBC}") = "ContaObj.Infra", "ContaObj.Infra\ContaObj.Infra.csproj", "{862D6ECD-0ABD-4696-87A9-E7EB80E9984B}"
EndProject
Project("{FAE04EC0-301F-11D3-BF4B-00C04F79EFBC}") = "ContaObj.Application", "ContaObj.Application\ContaObj.Application.csproj", "{C38C3E9B-F2A0-4182-AA60-D2F72D68920E}"
EndProject
Global
	GlobalSection(SolutionConfigurationPlatforms) = preSolution
		Debug|Any CPU = Debug|Any CPU
		Release|Any CPU = Release|Any CPU
	EndGlobalSection
	GlobalSection(ProjectConfigurationPlatforms) = postSolution
		{B43A287C-C6B1-4C40-BEF7-73B10C9965C1}.Debug|Any CPU.ActiveCfg = Debug|Any CPU
		{B43A287C-C6B1-4C40-BEF7-73B10C9965C1}.Debug|Any CPU.Build.0 = Debug|Any CPU
		{B43A287C-C6B1-4C40-BEF7-73B10C9965C1}.Release|Any CPU.ActiveCfg = Release|Any CPU
		{B43A287C-C6B1-4C40-BEF7-73B10C9965C1}.Release|Any CPU.Build.0 = Release|Any CPU
		{5BE787D3-6C99-4DDE-90D3-8235905CDCF1}.Debug|Any CPU.ActiveCfg = Debug|Any CPU
		{5BE787D3-6C99-4DDE-90D3-8235905CDCF1}.Debug|Any CPU.Build.0 = Debug|Any CPU
		{5BE787D3-6C99-4DDE-90D3-8235905CDCF1}.Release|Any CPU.ActiveCfg = Release|Any CPU
		{5BE787D3-6C99-4DDE-90D3-8235905CDCF1}.Release|Any CPU.Build.0 = Release|Any CPU
		{862D6ECD-0ABD-4696-87A9-E7EB80E9984B}.Debug|Any CPU.ActiveCfg = Debug|Any CPU
		{862D6ECD-0ABD-4696-87A9-E7EB80E9984B}.Debug|Any CPU.Build.0 = Debug|Any CPU
		{862D6ECD-0ABD-4696-87A9-E7EB80E9984B}.Release|Any CPU.ActiveCfg = Release|Any CPU
		{862D6ECD-0ABD-4696-87A9-E7EB80E9984B}.Release|Any CPU.Build.0 = Release|Any CPU
		{C38C3E9B-F2A0-4182-AA60-D2F72D68920E}.Debug|Any CPU.ActiveCfg = Debug|Any CPU
		{C38C3E9B-F2A0-4182-AA60-D2F72D68920E}.Debug|Any CPU.Build.0 = Debug|Any CPU
		{C38C3E9B-F2A0-4182-AA60-D2F72D68920E}.Release|Any CPU.ActiveCfg = Release|Any CPU
		{C38C3E9B-F2A0-4182-AA60-D2F72D68920E}.Release|Any CPU.Build.0 = Release|Any CPU
	EndGlobalSection
	GlobalSection(SolutionProperties) = preSolution
		HideSolutionNode = FALSE
	EndGlobalSection
	GlobalSection(ExtensibilityGlobals) = postSolution
		SolutionGuid = {530FCB40-1A7B-437A-81C3-C4CD893D00F4}
	EndGlobalSection
EndGlobal
