
Microsoft Visual Studio Solution File, Format Version 12.00
# Visual Studio Version 17
VisualStudioVersion = 17.0.32014.148
MinimumVisualStudioVersion = 10.0.40219.1
Project("{9A19103F-16F7-4668-BE54-9A1E7A4F7556}") = "ContaObj.Api", "ContaObj.Api\ContaObj.Api.csproj", "{B43A287C-C6B1-4C40-BEF7-73B10C9965C1}"
EndProject
Project("{9A19103F-16F7-4668-BE54-9A1E7A4F7556}") = "ContaObj.Domain", "ContaObj.Domain\ContaObj.Domain.csproj", "{5BE787D3-6C99-4DDE-90D3-8235905CDCF1}"
EndProject
Project("{9A19103F-16F7-4668-BE54-9A1E7A4F7556}") = "ContaObj.Infra", "ContaObj.Infra\ContaObj.Infra.csproj", "{862D6ECD-0ABD-4696-87A9-E7EB80E9984B}"
EndProject
Project("{9A19103F-16F7-4668-BE54-9A1E7A4F7556}") = "ContaObj.Application", "ContaObj.Application\ContaObj.Application.csproj", "{C38C3E9B-F2A0-4182-AA60-D2F72D68920E}"
EndProject
Project("{2150E333-8FDC-42A3-9474-1A3956D46DE8}") = "05.ContaObj.Tests", "05.ContaObj.Tests", "{80DC0941-8749-4881-9174-94B0C6A11757}"
EndProject
Project("{FAE04EC0-301F-11D3-BF4B-00C04F79EFBC}") = "ContaObj.Api.tests", "ContaObj.Api.tests\ContaObj.Api.tests.csproj", "{3C87A4E0-D672-4111-A62B-D030CCFE229F}"
EndProject
Project("{FAE04EC0-301F-11D3-BF4B-00C04F79EFBC}") = "ContaObj.Application.Tests", "ContaObj.Application.Tests\ContaObj.Application.Tests.csproj", "{95F5CCC1-44CB-4D88-89C3-D79C73435161}"
EndProject
Project("{FAE04EC0-301F-11D3-BF4B-00C04F79EFBC}") = "ContaObj.Domain.Tests", "ContaObj.Domain.Tests\ContaObj.Domain.Tests.csproj", "{93967EE3-C6AC-422A-914A-6555CB75153E}"
EndProject
Project("{FAE04EC0-301F-11D3-BF4B-00C04F79EFBC}") = "ContaObj.Infra.Tests", "ContaObj.Infra.Tests\ContaObj.Infra.Tests.csproj", "{E1EE9803-A983-47C1-AD13-9D9B30CCE4A9}"
EndProject
Global
	GlobalSection(SolutionConfigurationPlatforms) = preSolution
		Debug|Any CPU = Debug|Any CPU
		Release|Any CPU = Release|Any CPU
	EndGlobalSection
	GlobalSection(ProjectConfigurationPlatforms) = postSolution
		{B43A287C-C6B1-4C40-BEF7-73B10C9965C1}.Debug|Any CPU.ActiveCfg = Debug|Any CPU
		{B43A287C-C6B1-4C40-BEF7-73B10C9965C1}.Debug|Any CPU.Build.0 = Debug|Any CPU
		{B43A287C-C6B1-4C40-BEF7-73B10C9965C1}.Release|Any CPU.ActiveCfg = Release|Any CPU
		{B43A287C-C6B1-4C40-BEF7-73B10C9965C1}.Release|Any CPU.Build.0 = Release|Any CPU
		{5BE787D3-6C99-4DDE-90D3-8235905CDCF1}.Debug|Any CPU.ActiveCfg = Debug|Any CPU
		{5BE787D3-6C99-4DDE-90D3-8235905CDCF1}.Debug|Any CPU.Build.0 = Debug|Any CPU
		{5BE787D3-6C99-4DDE-90D3-8235905CDCF1}.Release|Any CPU.ActiveCfg = Release|Any CPU
		{5BE787D3-6C99-4DDE-90D3-8235905CDCF1}.Release|Any CPU.Build.0 = Release|Any CPU
		{862D6ECD-0ABD-4696-87A9-E7EB80E9984B}.Debug|Any CPU.ActiveCfg = Debug|Any CPU
		{862D6ECD-0ABD-4696-87A9-E7EB80E9984B}.Debug|Any CPU.Build.0 = Debug|Any CPU
		{862D6ECD-0ABD-4696-87A9-E7EB80E9984B}.Release|Any CPU.ActiveCfg = Release|Any CPU
		{862D6ECD-0ABD-4696-87A9-E7EB80E9984B}.Release|Any CPU.Build.0 = Release|Any CPU
		{C38C3E9B-F2A0-4182-AA60-D2F72D68920E}.Debug|Any CPU.ActiveCfg = Debug|Any CPU
		{C38C3E9B-F2A0-4182-AA60-D2F72D68920E}.Debug|Any CPU.Build.0 = Debug|Any CPU
		{C38C3E9B-F2A0-4182-AA60-D2F72D68920E}.Release|Any CPU.ActiveCfg = Release|Any CPU
		{C38C3E9B-F2A0-4182-AA60-D2F72D68920E}.Release|Any CPU.Build.0 = Release|Any CPU
		{3C87A4E0-D672-4111-A62B-D030CCFE229F}.Debug|Any CPU.ActiveCfg = Debug|Any CPU
		{3C87A4E0-D672-4111-A62B-D030CCFE229F}.Debug|Any CPU.Build.0 = Debug|Any CPU
		{3C87A4E0-D672-4111-A62B-D030CCFE229F}.Release|Any CPU.ActiveCfg = Release|Any CPU
		{3C87A4E0-D672-4111-A62B-D030CCFE229F}.Release|Any CPU.Build.0 = Release|Any CPU
		{95F5CCC1-44CB-4D88-89C3-D79C73435161}.Debug|Any CPU.ActiveCfg = Debug|Any CPU
		{95F5CCC1-44CB-4D88-89C3-D79C73435161}.Debug|Any CPU.Build.0 = Debug|Any CPU
		{95F5CCC1-44CB-4D88-89C3-D79C73435161}.Release|Any CPU.ActiveCfg = Release|Any CPU
		{95F5CCC1-44CB-4D88-89C3-D79C73435161}.Release|Any CPU.Build.0 = Release|Any CPU
		{93967EE3-C6AC-422A-914A-6555CB75153E}.Debug|Any CPU.ActiveCfg = Debug|Any CPU
		{93967EE3-C6AC-422A-914A-6555CB75153E}.Debug|Any CPU.Build.0 = Debug|Any CPU
		{93967EE3-C6AC-422A-914A-6555CB75153E}.Release|Any CPU.ActiveCfg = Release|Any CPU
		{93967EE3-C6AC-422A-914A-6555CB75153E}.Release|Any CPU.Build.0 = Release|Any CPU
		{E1EE9803-A983-47C1-AD13-9D9B30CCE4A9}.Debug|Any CPU.ActiveCfg = Debug|Any CPU
		{E1EE9803-A983-47C1-AD13-9D9B30CCE4A9}.Debug|Any CPU.Build.0 = Debug|Any CPU
		{E1EE9803-A983-47C1-AD13-9D9B30CCE4A9}.Release|Any CPU.ActiveCfg = Release|Any CPU
		{E1EE9803-A983-47C1-AD13-9D9B30CCE4A9}.Release|Any CPU.Build.0 = Release|Any CPU
	EndGlobalSection
	GlobalSection(SolutionProperties) = preSolution
		HideSolutionNode = FALSE
	EndGlobalSection
	GlobalSection(NestedProjects) = preSolution
		{3C87A4E0-D672-4111-A62B-D030CCFE229F} = {80DC0941-8749-4881-9174-94B0C6A11757}
		{95F5CCC1-44CB-4D88-89C3-D79C73435161} = {80DC0941-8749-4881-9174-94B0C6A11757}
		{93967EE3-C6AC-422A-914A-6555CB75153E} = {80DC0941-8749-4881-9174-94B0C6A11757}
		{E1EE9803-A983-47C1-AD13-9D9B30CCE4A9} = {80DC0941-8749-4881-9174-94B0C6A11757}
	EndGlobalSection
	GlobalSection(ExtensibilityGlobals) = postSolution
		SolutionGuid = {530FCB40-1A7B-437A-81C3-C4CD893D00F4}
	EndGlobalSection
EndGlobal
